// !$*UTF8*$!
{
	archiveVersion = 1;
	classes = {
	};
	objectVersion = 50;
	objects = {

/* Begin PBXBuildFile section */
		EA0AA8E5243173F60055F8EF /* UISpringTimingParameters+Convenience.m in Sources */ = {isa = PBXBuildFile; fileRef = EA0AA8E3243173F60055F8EF /* UISpringTimingParameters+Convenience.m */; };
		EA0AA8E7243173FD0055F8EF /* WeatherScrollView.m in Sources */ = {isa = PBXBuildFile; fileRef = EA0AA8E6243173FD0055F8EF /* WeatherScrollView.m */; };
		EA0AA8FC24339E0C0055F8EF /* NSArray+Map.m in Sources */ = {isa = PBXBuildFile; fileRef = EA0AA8FB24339E0C0055F8EF /* NSArray+Map.m */; };
		EA0AA8FF2435A5150055F8EF /* UIColor+WeatherColors.m in Sources */ = {isa = PBXBuildFile; fileRef = EA0AA8FE2435A5150055F8EF /* UIColor+WeatherColors.m */; };
		EA0AA9022435C7560055F8EF /* NSLayoutAnchor+Pinto.m in Sources */ = {isa = PBXBuildFile; fileRef = EA0AA9012435C7560055F8EF /* NSLayoutAnchor+Pinto.m */; };
		EA0AA90B243867620055F8EF /* UIView+Pinto.m in Sources */ = {isa = PBXBuildFile; fileRef = EA0AA90A243867620055F8EF /* UIView+Pinto.m */; };
		EA0AA9142438F87F0055F8EF /* WeatherViewController.m in Sources */ = {isa = PBXBuildFile; fileRef = EA0AA9132438F87E0055F8EF /* WeatherViewController.m */; };
		EA0AA91824390AE30055F8EF /* LocationManager.m in Sources */ = {isa = PBXBuildFile; fileRef = EA0AA91724390AE30055F8EF /* LocationManager.m */; };
		EA0AA91B243915050055F8EF /* DarkSky+CLLocation.m in Sources */ = {isa = PBXBuildFile; fileRef = EA0AA91A243915050055F8EF /* DarkSky+CLLocation.m */; };
		EA0AA91E2439919C0055F8EF /* DailyForecastCell+ConfigureForForecast.m in Sources */ = {isa = PBXBuildFile; fileRef = EA0AA91D2439919C0055F8EF /* DailyForecastCell+ConfigureForForecast.m */; };
		EA0AA921243C3BD40055F8EF /* MenuViewController.m in Sources */ = {isa = PBXBuildFile; fileRef = EA0AA920243C3BD40055F8EF /* MenuViewController.m */; };
		EA0AA926243C3EDE0055F8EF /* ForecastDataSource.m in Sources */ = {isa = PBXBuildFile; fileRef = EA0AA924243C3EDD0055F8EF /* ForecastDataSource.m */; };
		EA0AA929243C46410055F8EF /* Store.m in Sources */ = {isa = PBXBuildFile; fileRef = EA0AA928243C46410055F8EF /* Store.m */; };
		EA0AA92C243C49810055F8EF /* CityForecastCell.m in Sources */ = {isa = PBXBuildFile; fileRef = EA0AA92B243C49810055F8EF /* CityForecastCell.m */; };
		EA0AA934243C4B380055F8EF /* ForecastCollectionViewFlowLayout.m in Sources */ = {isa = PBXBuildFile; fileRef = EA0AA932243C4B380055F8EF /* ForecastCollectionViewFlowLayout.m */; };
		EA0AA93A243C512A0055F8EF /* CityForecastCell+ConfigureForForecast.m in Sources */ = {isa = PBXBuildFile; fileRef = EA0AA939243C512A0055F8EF /* CityForecastCell+ConfigureForForecast.m */; };
		EA489FE4248340F600248951 /* UICollectionView+Additions.m in Sources */ = {isa = PBXBuildFile; fileRef = EA489FE3248340F600248951 /* UICollectionView+Additions.m */; };
		EA561D06246070A800F8617D /* Cashier.framework in Frameworks */ = {isa = PBXBuildFile; fileRef = EA561D05246070A800F8617D /* Cashier.framework */; };
		EA561D07246070A900F8617D /* Cashier.framework in Embed Frameworks */ = {isa = PBXBuildFile; fileRef = EA561D05246070A800F8617D /* Cashier.framework */; settings = {ATTRIBUTES = (CodeSignOnCopy, RemoveHeadersOnCopy, ); }; };
		EA6B82A9245134AC002021AB /* SearchResultsController.m in Sources */ = {isa = PBXBuildFile; fileRef = EA6B82A8245134AC002021AB /* SearchResultsController.m */; };
		EA6B82AC2453BEA3002021AB /* RoundButton.m in Sources */ = {isa = PBXBuildFile; fileRef = EA6B82AB2453BEA3002021AB /* RoundButton.m */; };
		EA6B82AF2453C84C002021AB /* MapViewController.m in Sources */ = {isa = PBXBuildFile; fileRef = EA6B82AE2453C84C002021AB /* MapViewController.m */; };
		EA736611242677B400CABA5C /* AppDelegate.m in Sources */ = {isa = PBXBuildFile; fileRef = EA736610242677B400CABA5C /* AppDelegate.m */; };
		EA736614242677B400CABA5C /* SceneDelegate.m in Sources */ = {isa = PBXBuildFile; fileRef = EA736613242677B400CABA5C /* SceneDelegate.m */; };
		EA73661C242677B800CABA5C /* Assets.xcassets in Resources */ = {isa = PBXBuildFile; fileRef = EA73661B242677B800CABA5C /* Assets.xcassets */; };
		EA73661F242677B800CABA5C /* LaunchScreen.storyboard in Resources */ = {isa = PBXBuildFile; fileRef = EA73661D242677B800CABA5C /* LaunchScreen.storyboard */; };
		EA736622242677B800CABA5C /* main.m in Sources */ = {isa = PBXBuildFile; fileRef = EA736621242677B800CABA5C /* main.m */; };
		EA73662C242677B800CABA5C /* WeatherTests.m in Sources */ = {isa = PBXBuildFile; fileRef = EA73662B242677B800CABA5C /* WeatherTests.m */; };
		EA73664124267FAE00CABA5C /* CurrentForecast.m in Sources */ = {isa = PBXBuildFile; fileRef = EA73664024267FAE00CABA5C /* CurrentForecast.m */; };
		EA736645242681B300CABA5C /* DarkSkyContants.m in Sources */ = {isa = PBXBuildFile; fileRef = EA736644242681B300CABA5C /* DarkSkyContants.m */; };
		EA736648242681DD00CABA5C /* DarkSky.m in Sources */ = {isa = PBXBuildFile; fileRef = EA736647242681DD00CABA5C /* DarkSky.m */; };
		EA73664B2426829900CABA5C /* DailyForecastCell.m in Sources */ = {isa = PBXBuildFile; fileRef = EA73664A2426829900CABA5C /* DailyForecastCell.m */; };
		EAAD4EAF2426C2520031A171 /* ForecastModelTests.m in Sources */ = {isa = PBXBuildFile; fileRef = EAAD4EAE2426C2520031A171 /* ForecastModelTests.m */; };
		EAAD4EB32427CDE40031A171 /* Forecast.m in Sources */ = {isa = PBXBuildFile; fileRef = EAAD4EB22427CDE40031A171 /* Forecast.m */; };
		EAAD4EC22427E6200031A171 /* DailyForecast.m in Sources */ = {isa = PBXBuildFile; fileRef = EAAD4EC12427E6200031A171 /* DailyForecast.m */; };
		EAAD4EC5242827210031A171 /* NSDateFormatter+UnixConverter.m in Sources */ = {isa = PBXBuildFile; fileRef = EAAD4EC4242827210031A171 /* NSDateFormatter+UnixConverter.m */; };
		EAAD4EC824282BF30031A171 /* HourlyForecast.m in Sources */ = {isa = PBXBuildFile; fileRef = EAAD4EC724282BF30031A171 /* HourlyForecast.m */; };
		EAAD4ECB242962370031A171 /* NSString+ForecastConditions.m in Sources */ = {isa = PBXBuildFile; fileRef = EAAD4ECA242962370031A171 /* NSString+ForecastConditions.m */; };
		EAAD4ECE242966CA0031A171 /* CLGeocoder+City.m in Sources */ = {isa = PBXBuildFile; fileRef = EAAD4ECD242966CA0031A171 /* CLGeocoder+City.m */; };
		EAAD4EF02429DDC50031A171 /* GraphPoint.m in Sources */ = {isa = PBXBuildFile; fileRef = EAAD4EED2429DDC50031A171 /* GraphPoint.m */; };
		EAAD4EF12429DDC50031A171 /* GraphView.m in Sources */ = {isa = PBXBuildFile; fileRef = EAAD4EEF2429DDC50031A171 /* GraphView.m */; };
		EAD249A9246754FE0013C217 /* SettingsViewController.m in Sources */ = {isa = PBXBuildFile; fileRef = EAD249A8246754FE0013C217 /* SettingsViewController.m */; };
		EAFB766A244DE05900671CE8 /* WeatherTransitioningDelegate.m in Sources */ = {isa = PBXBuildFile; fileRef = EAFB7669244DE05900671CE8 /* WeatherTransitioningDelegate.m */; };
		EAFB766D244DE47400671CE8 /* WeatherControllerAnimator.m in Sources */ = {isa = PBXBuildFile; fileRef = EAFB766C244DE47400671CE8 /* WeatherControllerAnimator.m */; };
/* End PBXBuildFile section */

/* Begin PBXContainerItemProxy section */
		EA736628242677B800CABA5C /* PBXContainerItemProxy */ = {
			isa = PBXContainerItemProxy;
			containerPortal = EA736604242677B400CABA5C /* Project object */;
			proxyType = 1;
			remoteGlobalIDString = EA73660B242677B400CABA5C;
			remoteInfo = Weather;
		};
/* End PBXContainerItemProxy section */

/* Begin PBXCopyFilesBuildPhase section */
		EA561CFA24606D5A00F8617D /* Embed Frameworks */ = {
			isa = PBXCopyFilesBuildPhase;
			buildActionMask = 2147483647;
			dstPath = "";
			dstSubfolderSpec = 10;
			files = (
				EA561D07246070A900F8617D /* Cashier.framework in Embed Frameworks */,
			);
			name = "Embed Frameworks";
			runOnlyForDeploymentPostprocessing = 0;
		};
/* End PBXCopyFilesBuildPhase section */

/* Begin PBXFileReference section */
		EA0AA8E3243173F60055F8EF /* UISpringTimingParameters+Convenience.m */ = {isa = PBXFileReference; fileEncoding = 4; lastKnownFileType = sourcecode.c.objc; path = "UISpringTimingParameters+Convenience.m"; sourceTree = "<group>"; };
		EA0AA8E4243173F60055F8EF /* UISpringTimingParameters+Convenience.h */ = {isa = PBXFileReference; fileEncoding = 4; lastKnownFileType = sourcecode.c.h; path = "UISpringTimingParameters+Convenience.h"; sourceTree = "<group>"; };
		EA0AA8E6243173FD0055F8EF /* WeatherScrollView.m */ = {isa = PBXFileReference; fileEncoding = 4; lastKnownFileType = sourcecode.c.objc; path = WeatherScrollView.m; sourceTree = "<group>"; };
		EA0AA8E82431740E0055F8EF /* WeatherScrollView.h */ = {isa = PBXFileReference; lastKnownFileType = sourcecode.c.h; path = WeatherScrollView.h; sourceTree = "<group>"; };
		EA0AA8FA24339E0C0055F8EF /* NSArray+Map.h */ = {isa = PBXFileReference; lastKnownFileType = sourcecode.c.h; path = "NSArray+Map.h"; sourceTree = "<group>"; };
		EA0AA8FB24339E0C0055F8EF /* NSArray+Map.m */ = {isa = PBXFileReference; lastKnownFileType = sourcecode.c.objc; path = "NSArray+Map.m"; sourceTree = "<group>"; };
		EA0AA8FD2435A5150055F8EF /* UIColor+WeatherColors.h */ = {isa = PBXFileReference; lastKnownFileType = sourcecode.c.h; path = "UIColor+WeatherColors.h"; sourceTree = "<group>"; };
		EA0AA8FE2435A5150055F8EF /* UIColor+WeatherColors.m */ = {isa = PBXFileReference; lastKnownFileType = sourcecode.c.objc; path = "UIColor+WeatherColors.m"; sourceTree = "<group>"; };
		EA0AA9002435C7560055F8EF /* NSLayoutAnchor+Pinto.h */ = {isa = PBXFileReference; lastKnownFileType = sourcecode.c.h; path = "NSLayoutAnchor+Pinto.h"; sourceTree = "<group>"; };
		EA0AA9012435C7560055F8EF /* NSLayoutAnchor+Pinto.m */ = {isa = PBXFileReference; lastKnownFileType = sourcecode.c.objc; path = "NSLayoutAnchor+Pinto.m"; sourceTree = "<group>"; };
		EA0AA909243867620055F8EF /* UIView+Pinto.h */ = {isa = PBXFileReference; lastKnownFileType = sourcecode.c.h; path = "UIView+Pinto.h"; sourceTree = "<group>"; };
		EA0AA90A243867620055F8EF /* UIView+Pinto.m */ = {isa = PBXFileReference; lastKnownFileType = sourcecode.c.objc; path = "UIView+Pinto.m"; sourceTree = "<group>"; };
		EA0AA9122438F87E0055F8EF /* WeatherViewController.h */ = {isa = PBXFileReference; lastKnownFileType = sourcecode.c.h; name = WeatherViewController.h; path = Weather/Application/WeatherViewController.h; sourceTree = SOURCE_ROOT; };
		EA0AA9132438F87E0055F8EF /* WeatherViewController.m */ = {isa = PBXFileReference; lastKnownFileType = sourcecode.c.objc; name = WeatherViewController.m; path = Weather/Application/WeatherViewController.m; sourceTree = SOURCE_ROOT; };
		EA0AA91624390AE30055F8EF /* LocationManager.h */ = {isa = PBXFileReference; lastKnownFileType = sourcecode.c.h; path = LocationManager.h; sourceTree = "<group>"; };
		EA0AA91724390AE30055F8EF /* LocationManager.m */ = {isa = PBXFileReference; lastKnownFileType = sourcecode.c.objc; path = LocationManager.m; sourceTree = "<group>"; };
		EA0AA919243915050055F8EF /* DarkSky+CLLocation.h */ = {isa = PBXFileReference; lastKnownFileType = sourcecode.c.h; path = "DarkSky+CLLocation.h"; sourceTree = "<group>"; };
		EA0AA91A243915050055F8EF /* DarkSky+CLLocation.m */ = {isa = PBXFileReference; lastKnownFileType = sourcecode.c.objc; path = "DarkSky+CLLocation.m"; sourceTree = "<group>"; };
		EA0AA91C2439919C0055F8EF /* DailyForecastCell+ConfigureForForecast.h */ = {isa = PBXFileReference; lastKnownFileType = sourcecode.c.h; name = "DailyForecastCell+ConfigureForForecast.h"; path = "Weather/Views/DailyForecastCell/DailyForecastCell+ConfigureForForecast.h"; sourceTree = SOURCE_ROOT; };
		EA0AA91D2439919C0055F8EF /* DailyForecastCell+ConfigureForForecast.m */ = {isa = PBXFileReference; lastKnownFileType = sourcecode.c.objc; name = "DailyForecastCell+ConfigureForForecast.m"; path = "Weather/Views/DailyForecastCell/DailyForecastCell+ConfigureForForecast.m"; sourceTree = SOURCE_ROOT; };
		EA0AA91F243C3BD40055F8EF /* MenuViewController.h */ = {isa = PBXFileReference; lastKnownFileType = sourcecode.c.h; path = MenuViewController.h; sourceTree = "<group>"; };
		EA0AA920243C3BD40055F8EF /* MenuViewController.m */ = {isa = PBXFileReference; lastKnownFileType = sourcecode.c.objc; path = MenuViewController.m; sourceTree = "<group>"; };
		EA0AA924243C3EDD0055F8EF /* ForecastDataSource.m */ = {isa = PBXFileReference; fileEncoding = 4; lastKnownFileType = sourcecode.c.objc; path = ForecastDataSource.m; sourceTree = "<group>"; };
		EA0AA925243C3EDD0055F8EF /* ForecastDataSource.h */ = {isa = PBXFileReference; fileEncoding = 4; lastKnownFileType = sourcecode.c.h; path = ForecastDataSource.h; sourceTree = "<group>"; };
		EA0AA927243C46410055F8EF /* Store.h */ = {isa = PBXFileReference; lastKnownFileType = sourcecode.c.h; path = Store.h; sourceTree = "<group>"; };
		EA0AA928243C46410055F8EF /* Store.m */ = {isa = PBXFileReference; lastKnownFileType = sourcecode.c.objc; path = Store.m; sourceTree = "<group>"; };
		EA0AA92A243C49810055F8EF /* CityForecastCell.h */ = {isa = PBXFileReference; lastKnownFileType = sourcecode.c.h; path = CityForecastCell.h; sourceTree = "<group>"; };
		EA0AA92B243C49810055F8EF /* CityForecastCell.m */ = {isa = PBXFileReference; lastKnownFileType = sourcecode.c.objc; path = CityForecastCell.m; sourceTree = "<group>"; };
		EA0AA932243C4B380055F8EF /* ForecastCollectionViewFlowLayout.m */ = {isa = PBXFileReference; fileEncoding = 4; lastKnownFileType = sourcecode.c.objc; path = ForecastCollectionViewFlowLayout.m; sourceTree = "<group>"; };
		EA0AA933243C4B380055F8EF /* ForecastCollectionViewFlowLayout.h */ = {isa = PBXFileReference; fileEncoding = 4; lastKnownFileType = sourcecode.c.h; path = ForecastCollectionViewFlowLayout.h; sourceTree = "<group>"; };
		EA0AA938243C512A0055F8EF /* CityForecastCell+ConfigureForForecast.h */ = {isa = PBXFileReference; lastKnownFileType = sourcecode.c.h; path = "CityForecastCell+ConfigureForForecast.h"; sourceTree = "<group>"; };
		EA0AA939243C512A0055F8EF /* CityForecastCell+ConfigureForForecast.m */ = {isa = PBXFileReference; lastKnownFileType = sourcecode.c.objc; path = "CityForecastCell+ConfigureForForecast.m"; sourceTree = "<group>"; };
		EA0AA93B243C566D0055F8EF /* Weather-Prefix.pch */ = {isa = PBXFileReference; lastKnownFileType = sourcecode.c.h; path = "Weather-Prefix.pch"; sourceTree = "<group>"; };
		EA489FE2248340F600248951 /* UICollectionView+Additions.h */ = {isa = PBXFileReference; lastKnownFileType = sourcecode.c.h; name = "UICollectionView+Additions.h"; path = "Weather/Controllers/UICollectionView+Additions.h"; sourceTree = SOURCE_ROOT; };
		EA489FE3248340F600248951 /* UICollectionView+Additions.m */ = {isa = PBXFileReference; lastKnownFileType = sourcecode.c.objc; name = "UICollectionView+Additions.m"; path = "Weather/Controllers/UICollectionView+Additions.m"; sourceTree = SOURCE_ROOT; };
		EA489FE5248341CC00248951 /* UIIKit+Additions.h */ = {isa = PBXFileReference; lastKnownFileType = sourcecode.c.h; path = "UIIKit+Additions.h"; sourceTree = "<group>"; };
		EA561D05246070A800F8617D /* Cashier.framework */ = {isa = PBXFileReference; explicitFileType = wrapper.framework; path = Cashier.framework; sourceTree = BUILT_PRODUCTS_DIR; };
		EA6B82A7245134AC002021AB /* SearchResultsController.h */ = {isa = PBXFileReference; lastKnownFileType = sourcecode.c.h; path = SearchResultsController.h; sourceTree = "<group>"; };
		EA6B82A8245134AC002021AB /* SearchResultsController.m */ = {isa = PBXFileReference; lastKnownFileType = sourcecode.c.objc; path = SearchResultsController.m; sourceTree = "<group>"; };
		EA6B82AA2453BEA3002021AB /* RoundButton.h */ = {isa = PBXFileReference; lastKnownFileType = sourcecode.c.h; path = RoundButton.h; sourceTree = "<group>"; };
		EA6B82AB2453BEA3002021AB /* RoundButton.m */ = {isa = PBXFileReference; lastKnownFileType = sourcecode.c.objc; path = RoundButton.m; sourceTree = "<group>"; };
		EA6B82AD2453C84C002021AB /* MapViewController.h */ = {isa = PBXFileReference; lastKnownFileType = sourcecode.c.h; path = MapViewController.h; sourceTree = "<group>"; };
		EA6B82AE2453C84C002021AB /* MapViewController.m */ = {isa = PBXFileReference; lastKnownFileType = sourcecode.c.objc; path = MapViewController.m; sourceTree = "<group>"; };
		EA73660C242677B400CABA5C /* Weather.app */ = {isa = PBXFileReference; explicitFileType = wrapper.application; includeInIndex = 0; path = Weather.app; sourceTree = BUILT_PRODUCTS_DIR; };
		EA73660F242677B400CABA5C /* AppDelegate.h */ = {isa = PBXFileReference; lastKnownFileType = sourcecode.c.h; path = AppDelegate.h; sourceTree = "<group>"; };
		EA736610242677B400CABA5C /* AppDelegate.m */ = {isa = PBXFileReference; lastKnownFileType = sourcecode.c.objc; path = AppDelegate.m; sourceTree = "<group>"; };
		EA736612242677B400CABA5C /* SceneDelegate.h */ = {isa = PBXFileReference; lastKnownFileType = sourcecode.c.h; path = SceneDelegate.h; sourceTree = "<group>"; };
		EA736613242677B400CABA5C /* SceneDelegate.m */ = {isa = PBXFileReference; lastKnownFileType = sourcecode.c.objc; path = SceneDelegate.m; sourceTree = "<group>"; };
		EA73661B242677B800CABA5C /* Assets.xcassets */ = {isa = PBXFileReference; lastKnownFileType = folder.assetcatalog; path = Assets.xcassets; sourceTree = "<group>"; };
		EA73661E242677B800CABA5C /* Base */ = {isa = PBXFileReference; lastKnownFileType = file.storyboard; name = Base; path = Base.lproj/LaunchScreen.storyboard; sourceTree = "<group>"; };
		EA736620242677B800CABA5C /* Info.plist */ = {isa = PBXFileReference; lastKnownFileType = text.plist.xml; path = Info.plist; sourceTree = "<group>"; };
		EA736621242677B800CABA5C /* main.m */ = {isa = PBXFileReference; lastKnownFileType = sourcecode.c.objc; path = main.m; sourceTree = "<group>"; };
		EA736627242677B800CABA5C /* WeatherTests.xctest */ = {isa = PBXFileReference; explicitFileType = wrapper.cfbundle; includeInIndex = 0; path = WeatherTests.xctest; sourceTree = BUILT_PRODUCTS_DIR; };
		EA73662B242677B800CABA5C /* WeatherTests.m */ = {isa = PBXFileReference; lastKnownFileType = sourcecode.c.objc; path = WeatherTests.m; sourceTree = "<group>"; };
		EA73662D242677B800CABA5C /* Info.plist */ = {isa = PBXFileReference; lastKnownFileType = text.plist.xml; path = Info.plist; sourceTree = "<group>"; };
		EA73663F24267FAE00CABA5C /* CurrentForecast.h */ = {isa = PBXFileReference; lastKnownFileType = sourcecode.c.h; path = CurrentForecast.h; sourceTree = "<group>"; };
		EA73664024267FAE00CABA5C /* CurrentForecast.m */ = {isa = PBXFileReference; lastKnownFileType = sourcecode.c.objc; path = CurrentForecast.m; sourceTree = "<group>"; };
		EA7366422426816E00CABA5C /* NSArray+URLValidExclusionsParameter.h */ = {isa = PBXFileReference; lastKnownFileType = sourcecode.c.h; name = "NSArray+URLValidExclusionsParameter.h"; path = "Weather/Controllers/NSArray+URLValidExclusionsParameter.h"; sourceTree = SOURCE_ROOT; };
		EA7366432426819300CABA5C /* DarkSkyConstants.h */ = {isa = PBXFileReference; lastKnownFileType = sourcecode.c.h; path = DarkSkyConstants.h; sourceTree = "<group>"; };
		EA736644242681B300CABA5C /* DarkSkyContants.m */ = {isa = PBXFileReference; lastKnownFileType = sourcecode.c.objc; path = DarkSkyContants.m; sourceTree = "<group>"; };
		EA736646242681DD00CABA5C /* DarkSky.h */ = {isa = PBXFileReference; lastKnownFileType = sourcecode.c.h; path = DarkSky.h; sourceTree = "<group>"; };
		EA736647242681DD00CABA5C /* DarkSky.m */ = {isa = PBXFileReference; lastKnownFileType = sourcecode.c.objc; path = DarkSky.m; sourceTree = "<group>"; };
		EA7366492426829900CABA5C /* DailyForecastCell.h */ = {isa = PBXFileReference; lastKnownFileType = sourcecode.c.h; path = DailyForecastCell.h; sourceTree = "<group>"; };
		EA73664A2426829900CABA5C /* DailyForecastCell.m */ = {isa = PBXFileReference; lastKnownFileType = sourcecode.c.objc; path = DailyForecastCell.m; sourceTree = "<group>"; };
		EAAD4EAE2426C2520031A171 /* ForecastModelTests.m */ = {isa = PBXFileReference; lastKnownFileType = sourcecode.c.objc; path = ForecastModelTests.m; sourceTree = "<group>"; };
		EAAD4EB12427CDE40031A171 /* Forecast.h */ = {isa = PBXFileReference; lastKnownFileType = sourcecode.c.h; path = Forecast.h; sourceTree = "<group>"; };
		EAAD4EB22427CDE40031A171 /* Forecast.m */ = {isa = PBXFileReference; lastKnownFileType = sourcecode.c.objc; path = Forecast.m; sourceTree = "<group>"; };
		EAAD4EC02427E6200031A171 /* DailyForecast.h */ = {isa = PBXFileReference; lastKnownFileType = sourcecode.c.h; path = DailyForecast.h; sourceTree = "<group>"; };
		EAAD4EC12427E6200031A171 /* DailyForecast.m */ = {isa = PBXFileReference; lastKnownFileType = sourcecode.c.objc; path = DailyForecast.m; sourceTree = "<group>"; };
		EAAD4EC3242827210031A171 /* NSDateFormatter+UnixConverter.h */ = {isa = PBXFileReference; lastKnownFileType = sourcecode.c.h; name = "NSDateFormatter+UnixConverter.h"; path = "Weather/Models/NSDateFormatter+UnixConverter.h"; sourceTree = SOURCE_ROOT; };
		EAAD4EC4242827210031A171 /* NSDateFormatter+UnixConverter.m */ = {isa = PBXFileReference; lastKnownFileType = sourcecode.c.objc; name = "NSDateFormatter+UnixConverter.m"; path = "Weather/Models/NSDateFormatter+UnixConverter.m"; sourceTree = SOURCE_ROOT; };
		EAAD4EC624282BF30031A171 /* HourlyForecast.h */ = {isa = PBXFileReference; lastKnownFileType = sourcecode.c.h; path = HourlyForecast.h; sourceTree = "<group>"; };
		EAAD4EC724282BF30031A171 /* HourlyForecast.m */ = {isa = PBXFileReference; lastKnownFileType = sourcecode.c.objc; path = HourlyForecast.m; sourceTree = "<group>"; };
		EAAD4EC9242962370031A171 /* NSString+ForecastConditions.h */ = {isa = PBXFileReference; lastKnownFileType = sourcecode.c.h; name = "NSString+ForecastConditions.h"; path = "Weather/Controllers/NSString+ForecastConditions.h"; sourceTree = SOURCE_ROOT; };
		EAAD4ECA242962370031A171 /* NSString+ForecastConditions.m */ = {isa = PBXFileReference; lastKnownFileType = sourcecode.c.objc; name = "NSString+ForecastConditions.m"; path = "Weather/Controllers/NSString+ForecastConditions.m"; sourceTree = SOURCE_ROOT; };
		EAAD4ECC242966CA0031A171 /* CLGeocoder+City.h */ = {isa = PBXFileReference; lastKnownFileType = sourcecode.c.h; name = "CLGeocoder+City.h"; path = "Weather/Controllers/CLGeocoder+City.h"; sourceTree = SOURCE_ROOT; };
		EAAD4ECD242966CA0031A171 /* CLGeocoder+City.m */ = {isa = PBXFileReference; lastKnownFileType = sourcecode.c.objc; name = "CLGeocoder+City.m"; path = "Weather/Controllers/CLGeocoder+City.m"; sourceTree = SOURCE_ROOT; };
		EAAD4EEC2429DDC50031A171 /* GraphPoint.h */ = {isa = PBXFileReference; fileEncoding = 4; lastKnownFileType = sourcecode.c.h; path = GraphPoint.h; sourceTree = "<group>"; };
		EAAD4EED2429DDC50031A171 /* GraphPoint.m */ = {isa = PBXFileReference; fileEncoding = 4; lastKnownFileType = sourcecode.c.objc; path = GraphPoint.m; sourceTree = "<group>"; };
		EAAD4EEE2429DDC50031A171 /* GraphView.h */ = {isa = PBXFileReference; fileEncoding = 4; lastKnownFileType = sourcecode.c.h; path = GraphView.h; sourceTree = "<group>"; };
		EAAD4EEF2429DDC50031A171 /* GraphView.m */ = {isa = PBXFileReference; fileEncoding = 4; lastKnownFileType = sourcecode.c.objc; path = GraphView.m; sourceTree = "<group>"; };
		EAD249A7246754FE0013C217 /* SettingsViewController.h */ = {isa = PBXFileReference; lastKnownFileType = sourcecode.c.h; path = SettingsViewController.h; sourceTree = "<group>"; };
		EAD249A8246754FE0013C217 /* SettingsViewController.m */ = {isa = PBXFileReference; lastKnownFileType = sourcecode.c.objc; path = SettingsViewController.m; sourceTree = "<group>"; };
		EAFB7668244DE05900671CE8 /* WeatherTransitioningDelegate.h */ = {isa = PBXFileReference; lastKnownFileType = sourcecode.c.h; path = WeatherTransitioningDelegate.h; sourceTree = "<group>"; };
		EAFB7669244DE05900671CE8 /* WeatherTransitioningDelegate.m */ = {isa = PBXFileReference; lastKnownFileType = sourcecode.c.objc; path = WeatherTransitioningDelegate.m; sourceTree = "<group>"; };
		EAFB766B244DE47400671CE8 /* WeatherControllerAnimator.h */ = {isa = PBXFileReference; lastKnownFileType = sourcecode.c.h; path = WeatherControllerAnimator.h; sourceTree = "<group>"; };
		EAFB766C244DE47400671CE8 /* WeatherControllerAnimator.m */ = {isa = PBXFileReference; lastKnownFileType = sourcecode.c.objc; path = WeatherControllerAnimator.m; sourceTree = "<group>"; };
/* End PBXFileReference section */

/* Begin PBXFrameworksBuildPhase section */
		EA736609242677B400CABA5C /* Frameworks */ = {
			isa = PBXFrameworksBuildPhase;
			buildActionMask = 2147483647;
			files = (
				EA561D06246070A800F8617D /* Cashier.framework in Frameworks */,
			);
			runOnlyForDeploymentPostprocessing = 0;
		};
		EA736624242677B800CABA5C /* Frameworks */ = {
			isa = PBXFrameworksBuildPhase;
			buildActionMask = 2147483647;
			files = (
			);
			runOnlyForDeploymentPostprocessing = 0;
		};
/* End PBXFrameworksBuildPhase section */

/* Begin PBXGroup section */
		9BEBB45D1560F77797879DEE /* Frameworks */ = {
			isa = PBXGroup;
			children = (
				EA561D05246070A800F8617D /* Cashier.framework */,
			);
			name = Frameworks;
			sourceTree = "<group>";
		};
		D773BFEB8B75EFEBAA17C97D /* Pods */ = {
			isa = PBXGroup;
			children = (
			);
			path = Pods;
			sourceTree = "<group>";
		};
		EA0AA91524390ABF0055F8EF /* Location */ = {
			isa = PBXGroup;
			children = (
				EA0AA91624390AE30055F8EF /* LocationManager.h */,
				EA0AA91724390AE30055F8EF /* LocationManager.m */,
				EA0AA919243915050055F8EF /* DarkSky+CLLocation.h */,
				EA0AA91A243915050055F8EF /* DarkSky+CLLocation.m */,
			);
			path = Location;
			sourceTree = "<group>";
		};
		EA0AA922243C3E680055F8EF /* Forecasts */ = {
			isa = PBXGroup;
			children = (
				EA73663F24267FAE00CABA5C /* CurrentForecast.h */,
				EA73664024267FAE00CABA5C /* CurrentForecast.m */,
				EAAD4EC02427E6200031A171 /* DailyForecast.h */,
				EAAD4EC12427E6200031A171 /* DailyForecast.m */,
				EAAD4EC624282BF30031A171 /* HourlyForecast.h */,
				EAAD4EC724282BF30031A171 /* HourlyForecast.m */,
			);
			path = Forecasts;
			sourceTree = "<group>";
		};
		EA0AA923243C3E8C0055F8EF /* DataSources */ = {
			isa = PBXGroup;
			children = (
				EA0AA925243C3EDD0055F8EF /* ForecastDataSource.h */,
				EA0AA924243C3EDD0055F8EF /* ForecastDataSource.m */,
			);
			path = DataSources;
			sourceTree = "<group>";
		};
		EA0AA92D243C4AAA0055F8EF /* DailyForecastCell */ = {
			isa = PBXGroup;
			children = (
				EA7366492426829900CABA5C /* DailyForecastCell.h */,
				EA73664A2426829900CABA5C /* DailyForecastCell.m */,
				EA0AA91C2439919C0055F8EF /* DailyForecastCell+ConfigureForForecast.h */,
				EA0AA91D2439919C0055F8EF /* DailyForecastCell+ConfigureForForecast.m */,
			);
			path = DailyForecastCell;
			sourceTree = "<group>";
		};
		EA0AA92E243C4AD20055F8EF /* Pinto Layout */ = {
			isa = PBXGroup;
			children = (
				EA0AA9002435C7560055F8EF /* NSLayoutAnchor+Pinto.h */,
				EA0AA9012435C7560055F8EF /* NSLayoutAnchor+Pinto.m */,
				EA0AA909243867620055F8EF /* UIView+Pinto.h */,
				EA0AA90A243867620055F8EF /* UIView+Pinto.m */,
			);
			path = "Pinto Layout";
			sourceTree = "<group>";
		};
		EA0AA92F243C4AF40055F8EF /* UI Controls */ = {
			isa = PBXGroup;
			children = (
				EA6B82AA2453BEA3002021AB /* RoundButton.h */,
				EA6B82AB2453BEA3002021AB /* RoundButton.m */,
			);
			path = "UI Controls";
			sourceTree = "<group>";
		};
		EA0AA930243C4B0A0055F8EF /* CityForecastCell */ = {
			isa = PBXGroup;
			children = (
				EA0AA92A243C49810055F8EF /* CityForecastCell.h */,
				EA0AA92B243C49810055F8EF /* CityForecastCell.m */,
				EA0AA938243C512A0055F8EF /* CityForecastCell+ConfigureForForecast.h */,
				EA0AA939243C512A0055F8EF /* CityForecastCell+ConfigureForForecast.m */,
			);
			path = CityForecastCell;
			sourceTree = "<group>";
		};
		EA0AA931243C4B190055F8EF /* CollectionViewLayouts */ = {
			isa = PBXGroup;
			children = (
				EA0AA933243C4B380055F8EF /* ForecastCollectionViewFlowLayout.h */,
				EA0AA932243C4B380055F8EF /* ForecastCollectionViewFlowLayout.m */,
			);
			path = CollectionViewLayouts;
			sourceTree = "<group>";
		};
		EA561CC1245BA79A00F8617D /* Add Forecast Controllers */ = {
			isa = PBXGroup;
			children = (
				EA6B82AD2453C84C002021AB /* MapViewController.h */,
				EA6B82AE2453C84C002021AB /* MapViewController.m */,
				EA6B82A7245134AC002021AB /* SearchResultsController.h */,
				EA6B82A8245134AC002021AB /* SearchResultsController.m */,
			);
			path = "Add Forecast Controllers";
			sourceTree = "<group>";
		};
		EA561CC2245BA7C400F8617D /* Transitions */ = {
			isa = PBXGroup;
			children = (
				EAFB7668244DE05900671CE8 /* WeatherTransitioningDelegate.h */,
				EAFB7669244DE05900671CE8 /* WeatherTransitioningDelegate.m */,
				EAFB766B244DE47400671CE8 /* WeatherControllerAnimator.h */,
				EAFB766C244DE47400671CE8 /* WeatherControllerAnimator.m */,
			);
			path = Transitions;
			sourceTree = "<group>";
		};
		EA736603242677B400CABA5C = {
			isa = PBXGroup;
			children = (
				EA73660E242677B400CABA5C /* Weather */,
				EA73662A242677B800CABA5C /* WeatherTests */,
				EA73660D242677B400CABA5C /* Products */,
				D773BFEB8B75EFEBAA17C97D /* Pods */,
				9BEBB45D1560F77797879DEE /* Frameworks */,
			);
			sourceTree = "<group>";
		};
		EA73660D242677B400CABA5C /* Products */ = {
			isa = PBXGroup;
			children = (
				EA73660C242677B400CABA5C /* Weather.app */,
				EA736627242677B800CABA5C /* WeatherTests.xctest */,
			);
			name = Products;
			sourceTree = "<group>";
		};
		EA73660E242677B400CABA5C /* Weather */ = {
			isa = PBXGroup;
			children = (
				EA73663B24267DA200CABA5C /* Application */,
				EA73663A24267DA100CABA5C /* Models */,
				EA73663924267DA000CABA5C /* Views */,
				EA73663824267D9E00CABA5C /* Controllers */,
				EA73663724267D9C00CABA5C /* Utils */,
				EAAD4EF22429DDDB0031A171 /* Graph */,
				EA0AA91524390ABF0055F8EF /* Location */,
				EA73663624267D9A00CABA5C /* Networking */,
				EA73661B242677B800CABA5C /* Assets.xcassets */,
				EA73661D242677B800CABA5C /* LaunchScreen.storyboard */,
				EA736620242677B800CABA5C /* Info.plist */,
				EA736621242677B800CABA5C /* main.m */,
				EA0AA93B243C566D0055F8EF /* Weather-Prefix.pch */,
				EA489FE5248341CC00248951 /* UIIKit+Additions.h */,
			);
			path = Weather;
			sourceTree = "<group>";
		};
		EA73662A242677B800CABA5C /* WeatherTests */ = {
			isa = PBXGroup;
			children = (
				EA73662B242677B800CABA5C /* WeatherTests.m */,
				EAAD4EAE2426C2520031A171 /* ForecastModelTests.m */,
				EA73662D242677B800CABA5C /* Info.plist */,
			);
			path = WeatherTests;
			sourceTree = "<group>";
		};
		EA73663624267D9A00CABA5C /* Networking */ = {
			isa = PBXGroup;
			children = (
				EA7366422426816E00CABA5C /* NSArray+URLValidExclusionsParameter.h */,
				EA7366432426819300CABA5C /* DarkSkyConstants.h */,
				EA736644242681B300CABA5C /* DarkSkyContants.m */,
				EA736646242681DD00CABA5C /* DarkSky.h */,
				EA736647242681DD00CABA5C /* DarkSky.m */,
			);
			path = Networking;
			sourceTree = "<group>";
		};
		EA73663724267D9C00CABA5C /* Utils */ = {
			isa = PBXGroup;
			children = (
				EA489FE2248340F600248951 /* UICollectionView+Additions.h */,
				EA489FE3248340F600248951 /* UICollectionView+Additions.m */,
				EA0AA8E4243173F60055F8EF /* UISpringTimingParameters+Convenience.h */,
				EA0AA8E3243173F60055F8EF /* UISpringTimingParameters+Convenience.m */,
				EAAD4ECC242966CA0031A171 /* CLGeocoder+City.h */,
				EAAD4ECD242966CA0031A171 /* CLGeocoder+City.m */,
				EAAD4EC9242962370031A171 /* NSString+ForecastConditions.h */,
				EAAD4ECA242962370031A171 /* NSString+ForecastConditions.m */,
				EAAD4EC3242827210031A171 /* NSDateFormatter+UnixConverter.h */,
				EAAD4EC4242827210031A171 /* NSDateFormatter+UnixConverter.m */,
				EA0AA8FA24339E0C0055F8EF /* NSArray+Map.h */,
				EA0AA8FB24339E0C0055F8EF /* NSArray+Map.m */,
				EA0AA8FD2435A5150055F8EF /* UIColor+WeatherColors.h */,
				EA0AA8FE2435A5150055F8EF /* UIColor+WeatherColors.m */,
				EA0AA92E243C4AD20055F8EF /* Pinto Layout */,
			);
			path = Utils;
			sourceTree = "<group>";
		};
		EA73663824267D9E00CABA5C /* Controllers */ = {
			isa = PBXGroup;
			children = (
				EA561CC2245BA7C400F8617D /* Transitions */,
				EA561CC1245BA79A00F8617D /* Add Forecast Controllers */,
				EA0AA91F243C3BD40055F8EF /* MenuViewController.h */,
				EA0AA920243C3BD40055F8EF /* MenuViewController.m */,
				EA0AA9122438F87E0055F8EF /* WeatherViewController.h */,
				EA0AA9132438F87E0055F8EF /* WeatherViewController.m */,
				EAD249A7246754FE0013C217 /* SettingsViewController.h */,
				EAD249A8246754FE0013C217 /* SettingsViewController.m */,
			);
			path = Controllers;
			sourceTree = "<group>";
		};
		EA73663924267DA000CABA5C /* Views */ = {
			isa = PBXGroup;
			children = (
				EA0AA8E82431740E0055F8EF /* WeatherScrollView.h */,
				EA0AA8E6243173FD0055F8EF /* WeatherScrollView.m */,
				EA0AA931243C4B190055F8EF /* CollectionViewLayouts */,
				EA0AA930243C4B0A0055F8EF /* CityForecastCell */,
				EA0AA92D243C4AAA0055F8EF /* DailyForecastCell */,
				EA0AA92F243C4AF40055F8EF /* UI Controls */,
			);
			path = Views;
			sourceTree = "<group>";
		};
		EA73663A24267DA100CABA5C /* Models */ = {
			isa = PBXGroup;
			children = (
				EA0AA927243C46410055F8EF /* Store.h */,
				EA0AA928243C46410055F8EF /* Store.m */,
				EAAD4EB12427CDE40031A171 /* Forecast.h */,
				EAAD4EB22427CDE40031A171 /* Forecast.m */,
				EA0AA922243C3E680055F8EF /* Forecasts */,
				EA0AA923243C3E8C0055F8EF /* DataSources */,
			);
			path = Models;
			sourceTree = "<group>";
		};
		EA73663B24267DA200CABA5C /* Application */ = {
			isa = PBXGroup;
			children = (
				EA73660F242677B400CABA5C /* AppDelegate.h */,
				EA736610242677B400CABA5C /* AppDelegate.m */,
				EA736612242677B400CABA5C /* SceneDelegate.h */,
				EA736613242677B400CABA5C /* SceneDelegate.m */,
			);
			path = Application;
			sourceTree = "<group>";
		};
		EAAD4EF22429DDDB0031A171 /* Graph */ = {
			isa = PBXGroup;
			children = (
				EAAD4EEC2429DDC50031A171 /* GraphPoint.h */,
				EAAD4EED2429DDC50031A171 /* GraphPoint.m */,
				EAAD4EEE2429DDC50031A171 /* GraphView.h */,
				EAAD4EEF2429DDC50031A171 /* GraphView.m */,
			);
			path = Graph;
			sourceTree = "<group>";
		};
/* End PBXGroup section */

/* Begin PBXNativeTarget section */
		EA73660B242677B400CABA5C /* Weather */ = {
			isa = PBXNativeTarget;
			buildConfigurationList = EA736630242677B800CABA5C /* Build configuration list for PBXNativeTarget "Weather" */;
			buildPhases = (
				EA736608242677B400CABA5C /* Sources */,
				EA736609242677B400CABA5C /* Frameworks */,
				EA73660A242677B400CABA5C /* Resources */,
				EA561CFA24606D5A00F8617D /* Embed Frameworks */,
			);
			buildRules = (
			);
			dependencies = (
			);
			name = Weather;
			productName = Weather;
			productReference = EA73660C242677B400CABA5C /* Weather.app */;
			productType = "com.apple.product-type.application";
		};
		EA736626242677B800CABA5C /* WeatherTests */ = {
			isa = PBXNativeTarget;
			buildConfigurationList = EA736633242677B800CABA5C /* Build configuration list for PBXNativeTarget "WeatherTests" */;
			buildPhases = (
				EA736623242677B800CABA5C /* Sources */,
				EA736624242677B800CABA5C /* Frameworks */,
				EA736625242677B800CABA5C /* Resources */,
			);
			buildRules = (
			);
			dependencies = (
				EA736629242677B800CABA5C /* PBXTargetDependency */,
			);
			name = WeatherTests;
			productName = WeatherTests;
			productReference = EA736627242677B800CABA5C /* WeatherTests.xctest */;
			productType = "com.apple.product-type.bundle.unit-test";
		};
/* End PBXNativeTarget section */

/* Begin PBXProject section */
		EA736604242677B400CABA5C /* Project object */ = {
			isa = PBXProject;
			attributes = {
				LastUpgradeCheck = 1130;
				ORGANIZATIONNAME = "Nicholas Cooke";
				TargetAttributes = {
					EA73660B242677B400CABA5C = {
						CreatedOnToolsVersion = 11.3;
					};
					EA736626242677B800CABA5C = {
						CreatedOnToolsVersion = 11.3;
						TestTargetID = EA73660B242677B400CABA5C;
					};
				};
			};
			buildConfigurationList = EA736607242677B400CABA5C /* Build configuration list for PBXProject "Weather" */;
			compatibilityVersion = "Xcode 9.3";
			developmentRegion = en;
			hasScannedForEncodings = 0;
			knownRegions = (
				en,
				Base,
			);
			mainGroup = EA736603242677B400CABA5C;
			productRefGroup = EA73660D242677B400CABA5C /* Products */;
			projectDirPath = "";
			projectRoot = "";
			targets = (
				EA73660B242677B400CABA5C /* Weather */,
				EA736626242677B800CABA5C /* WeatherTests */,
			);
		};
/* End PBXProject section */

/* Begin PBXResourcesBuildPhase section */
		EA73660A242677B400CABA5C /* Resources */ = {
			isa = PBXResourcesBuildPhase;
			buildActionMask = 2147483647;
			files = (
				EA73661F242677B800CABA5C /* LaunchScreen.storyboard in Resources */,
				EA73661C242677B800CABA5C /* Assets.xcassets in Resources */,
			);
			runOnlyForDeploymentPostprocessing = 0;
		};
		EA736625242677B800CABA5C /* Resources */ = {
			isa = PBXResourcesBuildPhase;
			buildActionMask = 2147483647;
			files = (
			);
			runOnlyForDeploymentPostprocessing = 0;
		};
/* End PBXResourcesBuildPhase section */

/* Begin PBXSourcesBuildPhase section */
		EA736608242677B400CABA5C /* Sources */ = {
			isa = PBXSourcesBuildPhase;
			buildActionMask = 2147483647;
			files = (
				EA6B82AF2453C84C002021AB /* MapViewController.m in Sources */,
				EA0AA8E5243173F60055F8EF /* UISpringTimingParameters+Convenience.m in Sources */,
				EAAD4EF12429DDC50031A171 /* GraphView.m in Sources */,
				EA0AA929243C46410055F8EF /* Store.m in Sources */,
				EA0AA926243C3EDE0055F8EF /* ForecastDataSource.m in Sources */,
				EA489FE4248340F600248951 /* UICollectionView+Additions.m in Sources */,
				EAFB766A244DE05900671CE8 /* WeatherTransitioningDelegate.m in Sources */,
				EA0AA8FF2435A5150055F8EF /* UIColor+WeatherColors.m in Sources */,
				EA0AA92C243C49810055F8EF /* CityForecastCell.m in Sources */,
				EA73664B2426829900CABA5C /* DailyForecastCell.m in Sources */,
				EA0AA91824390AE30055F8EF /* LocationManager.m in Sources */,
				EAAD4EC5242827210031A171 /* NSDateFormatter+UnixConverter.m in Sources */,
				EA736611242677B400CABA5C /* AppDelegate.m in Sources */,
				EA0AA921243C3BD40055F8EF /* MenuViewController.m in Sources */,
				EAAD4EF02429DDC50031A171 /* GraphPoint.m in Sources */,
				EA0AA8E7243173FD0055F8EF /* WeatherScrollView.m in Sources */,
				EA736648242681DD00CABA5C /* DarkSky.m in Sources */,
				EAAD4EC824282BF30031A171 /* HourlyForecast.m in Sources */,
				EA0AA8FC24339E0C0055F8EF /* NSArray+Map.m in Sources */,
				EA0AA9022435C7560055F8EF /* NSLayoutAnchor+Pinto.m in Sources */,
				EAAD4ECE242966CA0031A171 /* CLGeocoder+City.m in Sources */,
				EAFB766D244DE47400671CE8 /* WeatherControllerAnimator.m in Sources */,
				EA736645242681B300CABA5C /* DarkSkyContants.m in Sources */,
				EA736622242677B800CABA5C /* main.m in Sources */,
				EA0AA934243C4B380055F8EF /* ForecastCollectionViewFlowLayout.m in Sources */,
				EAD249A9246754FE0013C217 /* SettingsViewController.m in Sources */,
				EA6B82A9245134AC002021AB /* SearchResultsController.m in Sources */,
				EAAD4EB32427CDE40031A171 /* Forecast.m in Sources */,
				EA6B82AC2453BEA3002021AB /* RoundButton.m in Sources */,
				EAAD4EC22427E6200031A171 /* DailyForecast.m in Sources */,
				EA73664124267FAE00CABA5C /* CurrentForecast.m in Sources */,
				EA0AA91E2439919C0055F8EF /* DailyForecastCell+ConfigureForForecast.m in Sources */,
				EA0AA91B243915050055F8EF /* DarkSky+CLLocation.m in Sources */,
				EA0AA90B243867620055F8EF /* UIView+Pinto.m in Sources */,
				EAAD4ECB242962370031A171 /* NSString+ForecastConditions.m in Sources */,
				EA0AA93A243C512A0055F8EF /* CityForecastCell+ConfigureForForecast.m in Sources */,
				EA736614242677B400CABA5C /* SceneDelegate.m in Sources */,
				EA0AA9142438F87F0055F8EF /* WeatherViewController.m in Sources */,
			);
			runOnlyForDeploymentPostprocessing = 0;
		};
		EA736623242677B800CABA5C /* Sources */ = {
			isa = PBXSourcesBuildPhase;
			buildActionMask = 2147483647;
			files = (
				EAAD4EAF2426C2520031A171 /* ForecastModelTests.m in Sources */,
				EA73662C242677B800CABA5C /* WeatherTests.m in Sources */,
			);
			runOnlyForDeploymentPostprocessing = 0;
		};
/* End PBXSourcesBuildPhase section */

/* Begin PBXTargetDependency section */
		EA736629242677B800CABA5C /* PBXTargetDependency */ = {
			isa = PBXTargetDependency;
			target = EA73660B242677B400CABA5C /* Weather */;
			targetProxy = EA736628242677B800CABA5C /* PBXContainerItemProxy */;
		};
/* End PBXTargetDependency section */

/* Begin PBXVariantGroup section */
		EA73661D242677B800CABA5C /* LaunchScreen.storyboard */ = {
			isa = PBXVariantGroup;
			children = (
				EA73661E242677B800CABA5C /* Base */,
			);
			name = LaunchScreen.storyboard;
			sourceTree = "<group>";
		};
/* End PBXVariantGroup section */

/* Begin XCBuildConfiguration section */
		EA73662E242677B800CABA5C /* Debug */ = {
			isa = XCBuildConfiguration;
			buildSettings = {
				ALWAYS_SEARCH_USER_PATHS = NO;
				CLANG_ANALYZER_NONNULL = YES;
				CLANG_ANALYZER_NUMBER_OBJECT_CONVERSION = YES_AGGRESSIVE;
				CLANG_CXX_LANGUAGE_STANDARD = "gnu++14";
				CLANG_CXX_LIBRARY = "libc++";
				CLANG_ENABLE_MODULES = YES;
				CLANG_ENABLE_OBJC_ARC = YES;
				CLANG_ENABLE_OBJC_WEAK = YES;
				CLANG_WARN_BLOCK_CAPTURE_AUTORELEASING = YES;
				CLANG_WARN_BOOL_CONVERSION = YES;
				CLANG_WARN_COMMA = YES;
				CLANG_WARN_CONSTANT_CONVERSION = YES;
				CLANG_WARN_DEPRECATED_OBJC_IMPLEMENTATIONS = YES;
				CLANG_WARN_DIRECT_OBJC_ISA_USAGE = YES_ERROR;
				CLANG_WARN_DOCUMENTATION_COMMENTS = YES;
				CLANG_WARN_EMPTY_BODY = YES;
				CLANG_WARN_ENUM_CONVERSION = YES;
				CLANG_WARN_INFINITE_RECURSION = YES;
				CLANG_WARN_INT_CONVERSION = YES;
				CLANG_WARN_NON_LITERAL_NULL_CONVERSION = YES;
				CLANG_WARN_OBJC_IMPLICIT_RETAIN_SELF = YES;
				CLANG_WARN_OBJC_LITERAL_CONVERSION = YES;
				CLANG_WARN_OBJC_ROOT_CLASS = YES_ERROR;
				CLANG_WARN_RANGE_LOOP_ANALYSIS = YES;
				CLANG_WARN_STRICT_PROTOTYPES = YES;
				CLANG_WARN_SUSPICIOUS_MOVE = YES;
				CLANG_WARN_UNGUARDED_AVAILABILITY = YES_AGGRESSIVE;
				CLANG_WARN_UNREACHABLE_CODE = YES;
				CLANG_WARN__DUPLICATE_METHOD_MATCH = YES;
				COPY_PHASE_STRIP = NO;
				DEBUG_INFORMATION_FORMAT = dwarf;
				ENABLE_STRICT_OBJC_MSGSEND = YES;
				ENABLE_TESTABILITY = YES;
				GCC_C_LANGUAGE_STANDARD = gnu11;
				GCC_DYNAMIC_NO_PIC = NO;
				GCC_NO_COMMON_BLOCKS = YES;
				GCC_OPTIMIZATION_LEVEL = 0;
				GCC_PREPROCESSOR_DEFINITIONS = (
					"DEBUG=1",
					"$(inherited)",
				);
				GCC_WARN_64_TO_32_BIT_CONVERSION = YES;
				GCC_WARN_ABOUT_RETURN_TYPE = YES_ERROR;
				GCC_WARN_UNDECLARED_SELECTOR = YES;
				GCC_WARN_UNINITIALIZED_AUTOS = YES_AGGRESSIVE;
				GCC_WARN_UNUSED_FUNCTION = YES;
				GCC_WARN_UNUSED_VARIABLE = YES;
				IPHONEOS_DEPLOYMENT_TARGET = 13.2;
				MTL_ENABLE_DEBUG_INFO = INCLUDE_SOURCE;
				MTL_FAST_MATH = YES;
				ONLY_ACTIVE_ARCH = YES;
				SDKROOT = iphoneos;
			};
			name = Debug;
		};
		EA73662F242677B800CABA5C /* Release */ = {
			isa = XCBuildConfiguration;
			buildSettings = {
				ALWAYS_SEARCH_USER_PATHS = NO;
				CLANG_ANALYZER_NONNULL = YES;
				CLANG_ANALYZER_NUMBER_OBJECT_CONVERSION = YES_AGGRESSIVE;
				CLANG_CXX_LANGUAGE_STANDARD = "gnu++14";
				CLANG_CXX_LIBRARY = "libc++";
				CLANG_ENABLE_MODULES = YES;
				CLANG_ENABLE_OBJC_ARC = YES;
				CLANG_ENABLE_OBJC_WEAK = YES;
				CLANG_WARN_BLOCK_CAPTURE_AUTORELEASING = YES;
				CLANG_WARN_BOOL_CONVERSION = YES;
				CLANG_WARN_COMMA = YES;
				CLANG_WARN_CONSTANT_CONVERSION = YES;
				CLANG_WARN_DEPRECATED_OBJC_IMPLEMENTATIONS = YES;
				CLANG_WARN_DIRECT_OBJC_ISA_USAGE = YES_ERROR;
				CLANG_WARN_DOCUMENTATION_COMMENTS = YES;
				CLANG_WARN_EMPTY_BODY = YES;
				CLANG_WARN_ENUM_CONVERSION = YES;
				CLANG_WARN_INFINITE_RECURSION = YES;
				CLANG_WARN_INT_CONVERSION = YES;
				CLANG_WARN_NON_LITERAL_NULL_CONVERSION = YES;
				CLANG_WARN_OBJC_IMPLICIT_RETAIN_SELF = YES;
				CLANG_WARN_OBJC_LITERAL_CONVERSION = YES;
				CLANG_WARN_OBJC_ROOT_CLASS = YES_ERROR;
				CLANG_WARN_RANGE_LOOP_ANALYSIS = YES;
				CLANG_WARN_STRICT_PROTOTYPES = YES;
				CLANG_WARN_SUSPICIOUS_MOVE = YES;
				CLANG_WARN_UNGUARDED_AVAILABILITY = YES_AGGRESSIVE;
				CLANG_WARN_UNREACHABLE_CODE = YES;
				CLANG_WARN__DUPLICATE_METHOD_MATCH = YES;
				COPY_PHASE_STRIP = NO;
				DEBUG_INFORMATION_FORMAT = "dwarf-with-dsym";
				ENABLE_NS_ASSERTIONS = NO;
				ENABLE_STRICT_OBJC_MSGSEND = YES;
				GCC_C_LANGUAGE_STANDARD = gnu11;
				GCC_NO_COMMON_BLOCKS = YES;
				GCC_WARN_64_TO_32_BIT_CONVERSION = YES;
				GCC_WARN_ABOUT_RETURN_TYPE = YES_ERROR;
				GCC_WARN_UNDECLARED_SELECTOR = YES;
				GCC_WARN_UNINITIALIZED_AUTOS = YES_AGGRESSIVE;
				GCC_WARN_UNUSED_FUNCTION = YES;
				GCC_WARN_UNUSED_VARIABLE = YES;
				IPHONEOS_DEPLOYMENT_TARGET = 13.2;
				MTL_ENABLE_DEBUG_INFO = NO;
				MTL_FAST_MATH = YES;
				SDKROOT = iphoneos;
				VALIDATE_PRODUCT = YES;
			};
			name = Release;
		};
		EA736631242677B800CABA5C /* Debug */ = {
			isa = XCBuildConfiguration;
			buildSettings = {
				ASSETCATALOG_COMPILER_APPICON_NAME = AppIcon;
				CODE_SIGN_STYLE = Automatic;
				DEVELOPMENT_TEAM = K2A6VGGX23;
				FRAMEWORK_SEARCH_PATHS = (
					"$(inherited)",
					"$(PROJECT_DIR)",
				);
				GCC_PRECOMPILE_PREFIX_HEADER = YES;
				GCC_PREFIX_HEADER = "Weather/Weather-Prefix.pch";
				INFOPLIST_FILE = Weather/Info.plist;
				IPHONEOS_DEPLOYMENT_TARGET = 13.0;
				LD_RUNPATH_SEARCH_PATHS = (
					"$(inherited)",
					"@executable_path/Frameworks",
				);
				PRODUCT_BUNDLE_IDENTIFIER = com.ncooke.Weather;
				PRODUCT_NAME = "$(TARGET_NAME)";
				TARGETED_DEVICE_FAMILY = 1;
			};
			name = Debug;
		};
		EA736632242677B800CABA5C /* Release */ = {
			isa = XCBuildConfiguration;
			buildSettings = {
				ASSETCATALOG_COMPILER_APPICON_NAME = AppIcon;
				CODE_SIGN_STYLE = Automatic;
				DEVELOPMENT_TEAM = K2A6VGGX23;
				FRAMEWORK_SEARCH_PATHS = (
					"$(inherited)",
					"$(PROJECT_DIR)",
				);
				GCC_PRECOMPILE_PREFIX_HEADER = YES;
				GCC_PREFIX_HEADER = "Weather/Weather-Prefix.pch";
				INFOPLIST_FILE = Weather/Info.plist;
				IPHONEOS_DEPLOYMENT_TARGET = 13.0;
				LD_RUNPATH_SEARCH_PATHS = (
					"$(inherited)",
					"@executable_path/Frameworks",
				);
				PRODUCT_BUNDLE_IDENTIFIER = com.ncooke.Weather;
				PRODUCT_NAME = "$(TARGET_NAME)";
				TARGETED_DEVICE_FAMILY = 1;
			};
			name = Release;
		};
		EA736634242677B800CABA5C /* Debug */ = {
			isa = XCBuildConfiguration;
			buildSettings = {
				BUNDLE_LOADER = "$(TEST_HOST)";
				CODE_SIGN_STYLE = Automatic;
				DEVELOPMENT_TEAM = K2A6VGGX23;
				INFOPLIST_FILE = WeatherTests/Info.plist;
				IPHONEOS_DEPLOYMENT_TARGET = 13.2;
				LD_RUNPATH_SEARCH_PATHS = (
					"$(inherited)",
					"@executable_path/Frameworks",
					"@loader_path/Frameworks",
				);
				PRODUCT_BUNDLE_IDENTIFIER = com.ncooke.WeatherTests;
				PRODUCT_NAME = "$(TARGET_NAME)";
				TARGETED_DEVICE_FAMILY = "1,2";
				TEST_HOST = "$(BUILT_PRODUCTS_DIR)/Weather.app/Weather";
			};
			name = Debug;
		};
		EA736635242677B800CABA5C /* Release */ = {
			isa = XCBuildConfiguration;
			buildSettings = {
				BUNDLE_LOADER = "$(TEST_HOST)";
				CODE_SIGN_STYLE = Automatic;
				DEVELOPMENT_TEAM = K2A6VGGX23;
				INFOPLIST_FILE = WeatherTests/Info.plist;
				IPHONEOS_DEPLOYMENT_TARGET = 13.2;
				LD_RUNPATH_SEARCH_PATHS = (
					"$(inherited)",
					"@executable_path/Frameworks",
					"@loader_path/Frameworks",
				);
				PRODUCT_BUNDLE_IDENTIFIER = com.ncooke.WeatherTests;
				PRODUCT_NAME = "$(TARGET_NAME)";
				TARGETED_DEVICE_FAMILY = "1,2";
				TEST_HOST = "$(BUILT_PRODUCTS_DIR)/Weather.app/Weather";
			};
			name = Release;
		};
/* End XCBuildConfiguration section */

/* Begin XCConfigurationList section */
		EA736607242677B400CABA5C /* Build configuration list for PBXProject "Weather" */ = {
			isa = XCConfigurationList;
			buildConfigurations = (
				EA73662E242677B800CABA5C /* Debug */,
				EA73662F242677B800CABA5C /* Release */,
			);
			defaultConfigurationIsVisible = 0;
			defaultConfigurationName = Release;
		};
		EA736630242677B800CABA5C /* Build configuration list for PBXNativeTarget "Weather" */ = {
			isa = XCConfigurationList;
			buildConfigurations = (
				EA736631242677B800CABA5C /* Debug */,
				EA736632242677B800CABA5C /* Release */,
			);
			defaultConfigurationIsVisible = 0;
			defaultConfigurationName = Release;
		};
		EA736633242677B800CABA5C /* Build configuration list for PBXNativeTarget "WeatherTests" */ = {
			isa = XCConfigurationList;
			buildConfigurations = (
				EA736634242677B800CABA5C /* Debug */,
				EA736635242677B800CABA5C /* Release */,
			);
			defaultConfigurationIsVisible = 0;
			defaultConfigurationName = Release;
		};
/* End XCConfigurationList section */
	};
	rootObject = EA736604242677B400CABA5C /* Project object */;
}
